
Microsoft Visual Studio Solution File, Format Version 12.00
# Visual Studio Version 17
VisualStudioVersion = 17.14.37111.16 d17.14
MinimumVisualStudioVersion = 10.0.40219.1
Project("{FAE04EC0-301F-11D3-BF4B-00C04F79EFBC}") = "round_robin", "round_robin\round_robin.csproj", "{2BE4D5D0-EA6A-413C-8EF9-1246C390C081}"
EndProject
Project("{FAE04EC0-301F-11D3-BF4B-00C04F79EFBC}") = "fifo", "..\..\FIFO\fifo\fifo\fifo.csproj", "{45F4AAE9-548E-59DF-322C-E01F9893212E}"
EndProject
Global
	GlobalSection(SolutionConfigurationPlatforms) = preSolution
		Debug|Any CPU = Debug|Any CPU
		Release|Any CPU = Release|Any CPU
	EndGlobalSection
	GlobalSection(ProjectConfigurationPlatforms) = postSolution
		{2BE4D5D0-EA6A-413C-8EF9-1246C390C081}.Debug|Any CPU.ActiveCfg = Debug|Any CPU
		{2BE4D5D0-EA6A-413C-8EF9-1246C390C081}.Debug|Any CPU.Build.0 = Debug|Any CPU
		{2BE4D5D0-EA6A-413C-8EF9-1246C390C081}.Release|Any CPU.ActiveCfg = Release|Any CPU
		{2BE4D5D0-EA6A-413C-8EF9-1246C390C081}.Release|Any CPU.Build.0 = Release|Any CPU
		{45F4AAE9-548E-59DF-322C-E01F9893212E}.Debug|Any CPU.ActiveCfg = Debug|Any CPU
		{45F4AAE9-548E-59DF-322C-E01F9893212E}.Debug|Any CPU.Build.0 = Debug|Any CPU
		{45F4AAE9-548E-59DF-322C-E01F9893212E}.Release|Any CPU.ActiveCfg = Release|Any CPU
		{45F4AAE9-548E-59DF-322C-E01F9893212E}.Release|Any CPU.Build.0 = Release|Any CPU
	EndGlobalSection
	GlobalSection(SolutionProperties) = preSolution
		HideSolutionNode = FALSE
	EndGlobalSection
	GlobalSection(ExtensibilityGlobals) = postSolution
		SolutionGuid = {FD12379D-8836-4DED-B62B-FDFCE554E83F}
	EndGlobalSection
EndGlobal
